
Microsoft Visual Studio Solution File, Format Version 12.00
# Visual Studio Version 16
VisualStudioVersion = 16.0.30804.86
MinimumVisualStudioVersion = 10.0.40219.1
Project("{FAE04EC0-301F-11D3-BF4B-00C04F79EFBC}") = "ProjeTKToDo", "ProjeTKToDo\ProjeTKToDo.csproj", "{B2327CD6-9371-45C3-BBAE-D1DDEB86389E}"
EndProject
Project("{FAE04EC0-301F-11D3-BF4B-00C04F79EFBC}") = "Data", "Data\Data.csproj", "{6BCFC7AD-4DDC-4AAC-A0C9-68D4D56E8271}"
EndProject
Global
	GlobalSection(SolutionConfigurationPlatforms) = preSolution
		Debug|Any CPU = Debug|Any CPU
		Release|Any CPU = Release|Any CPU
	EndGlobalSection
	GlobalSection(ProjectConfigurationPlatforms) = postSolution
		{B2327CD6-9371-45C3-BBAE-D1DDEB86389E}.Debug|Any CPU.ActiveCfg = Debug|Any CPU
		{B2327CD6-9371-45C3-BBAE-D1DDEB86389E}.Debug|Any CPU.Build.0 = Debug|Any CPU
		{B2327CD6-9371-45C3-BBAE-D1DDEB86389E}.Release|Any CPU.ActiveCfg = Release|Any CPU
		{B2327CD6-9371-45C3-BBAE-D1DDEB86389E}.Release|Any CPU.Build.0 = Release|Any CPU
		{6BCFC7AD-4DDC-4AAC-A0C9-68D4D56E8271}.Debug|Any CPU.ActiveCfg = Debug|Any CPU
		{6BCFC7AD-4DDC-4AAC-A0C9-68D4D56E8271}.Debug|Any CPU.Build.0 = Debug|Any CPU
		{6BCFC7AD-4DDC-4AAC-A0C9-68D4D56E8271}.Release|Any CPU.ActiveCfg = Release|Any CPU
		{6BCFC7AD-4DDC-4AAC-A0C9-68D4D56E8271}.Release|Any CPU.Build.0 = Release|Any CPU
	EndGlobalSection
	GlobalSection(SolutionProperties) = preSolution
		HideSolutionNode = FALSE
	EndGlobalSection
	GlobalSection(ExtensibilityGlobals) = postSolution
		SolutionGuid = {202A8F9F-00E7-481E-95BF-5EB1E2C32A65}
	EndGlobalSection
EndGlobal
